
Microsoft Visual Studio Solution File, Format Version 12.00
# Visual Studio Version 16
VisualStudioVersion = 16.0.32106.194
MinimumVisualStudioVersion = 10.0.40219.1
Project("{8BC9CEB8-8B4A-11D0-8D11-00A0C91BC942}") = "lab2PiOIvIS", "lab2PiOIvIS.vcxproj", "{FE3EC422-F1BF-4A31-9478-BBFF6E5CB89D}"
EndProject
Global
	GlobalSection(SolutionConfigurationPlatforms) = preSolution
		Debug|x64 = Debug|x64
		Debug|x86 = Debug|x86
		Release|x64 = Release|x64
		Release|x86 = Release|x86
	EndGlobalSection
	GlobalSection(ProjectConfigurationPlatforms) = postSolution
		{FE3EC422-F1BF-4A31-9478-BBFF6E5CB89D}.Debug|x64.ActiveCfg = Debug|x64
		{FE3EC422-F1BF-4A31-9478-BBFF6E5CB89D}.Debug|x64.Build.0 = Debug|x64
		{FE3EC422-F1BF-4A31-9478-BBFF6E5CB89D}.Debug|x86.ActiveCfg = Debug|Win32
		{FE3EC422-F1BF-4A31-9478-BBFF6E5CB89D}.Debug|x86.Build.0 = Debug|Win32
		{FE3EC422-F1BF-4A31-9478-BBFF6E5CB89D}.Release|x64.ActiveCfg = Release|x64
		{FE3EC422-F1BF-4A31-9478-BBFF6E5CB89D}.Release|x64.Build.0 = Release|x64
		{FE3EC422-F1BF-4A31-9478-BBFF6E5CB89D}.Release|x86.ActiveCfg = Release|Win32
		{FE3EC422-F1BF-4A31-9478-BBFF6E5CB89D}.Release|x86.Build.0 = Release|Win32
	EndGlobalSection
	GlobalSection(SolutionProperties) = preSolution
		HideSolutionNode = FALSE
	EndGlobalSection
	GlobalSection(ExtensibilityGlobals) = postSolution
		SolutionGuid = {87C882E5-E66A-4A87-A4B9-292F156E72E8}
	EndGlobalSection
EndGlobal
